
Microsoft Visual Studio Solution File, Format Version 12.00
# Visual Studio Version 17
VisualStudioVersion = 17.4.33213.308
MinimumVisualStudioVersion = 10.0.40219.1
Project("{FAE04EC0-301F-11D3-BF4B-00C04F79EFBC}") = "GenericLibrary", "GenericLibrary\GenericLibrary.csproj", "{BCB36178-79E7-4B29-8F78-850F0F9D271D}"
EndProject
Global
	GlobalSection(SolutionConfigurationPlatforms) = preSolution
		Debug|Any CPU = Debug|Any CPU
		Release|Any CPU = Release|Any CPU
	EndGlobalSection
	GlobalSection(ProjectConfigurationPlatforms) = postSolution
		{BCB36178-79E7-4B29-8F78-850F0F9D271D}.Debug|Any CPU.ActiveCfg = Debug|Any CPU
		{BCB36178-79E7-4B29-8F78-850F0F9D271D}.Debug|Any CPU.Build.0 = Debug|Any CPU
		{BCB36178-79E7-4B29-8F78-850F0F9D271D}.Release|Any CPU.ActiveCfg = Release|Any CPU
		{BCB36178-79E7-4B29-8F78-850F0F9D271D}.Release|Any CPU.Build.0 = Release|Any CPU
	EndGlobalSection
	GlobalSection(SolutionProperties) = preSolution
		HideSolutionNode = FALSE
	EndGlobalSection
	GlobalSection(ExtensibilityGlobals) = postSolution
		SolutionGuid = {2C9FEEEB-20BE-47A5-8EF7-9F8A4D03A370}
	EndGlobalSection
EndGlobal
